
Microsoft Visual Studio Solution File, Format Version 12.00
Project("{FAE04EC0-301F-11D3-BF4B-00C04F79EFBC}") = "DofusSharp.DofusDb.ApiClients", "DofusSharp.DofusDb.ApiClients\DofusSharp.DofusDb.ApiClients.csproj", "{4DB3FF4F-2C86-43D0-9D2C-7791D721C167}"
EndProject
Project("{FAE04EC0-301F-11D3-BF4B-00C04F79EFBC}") = "Tests.Live.DofusDb.ApiClients", "Tests.Live.DofusDb.ApiClients\Tests.Live.DofusDb.ApiClients.csproj", "{A3DE0CCE-6B15-413D-AE71-3BB8360C4FC3}"
EndProject
Project("{FAE04EC0-301F-11D3-BF4B-00C04F79EFBC}") = "Tests.UnitTests.DofusDb.ApiClients", "Tests.UnitTests.DofusDb.ApiClients\Tests.UnitTests.DofusDb.ApiClients.csproj", "{D6FF4731-AE7C-4EF1-A67B-94C556AE7108}"
EndProject
Project("{2150E333-8FDC-42A3-9474-1A3956D46DE8}") = "DofusDb", "DofusDb", "{40F57244-FDA7-47BE-B5FB-DA00C7339485}"
EndProject
Project("{2150E333-8FDC-42A3-9474-1A3956D46DE8}") = "Dofocus", "Dofocus", "{4F713B72-405A-4967-B014-B03D9AD54EF4}"
EndProject
Project("{FAE04EC0-301F-11D3-BF4B-00C04F79EFBC}") = "DofusSharp.Dofocus.ApiClients", "DofusSharp.Dofocus.ApiClients\DofusSharp.Dofocus.ApiClients.csproj", "{6FA19E5E-584D-41DA-A9B2-39FA017EB15A}"
EndProject
Project("{FAE04EC0-301F-11D3-BF4B-00C04F79EFBC}") = "DofusSharp.Common", "DofusSharp.Common\DofusSharp.Common.csproj", "{0A5DB00C-9A98-4449-B6B4-1D5B9EC1EA84}"
EndProject
Project("{2150E333-8FDC-42A3-9474-1A3956D46DE8}") = "Shared", "Shared", "{EA03ADDE-7F2C-446F-9063-EEEF4206BE9E}"
EndProject
Project("{FAE04EC0-301F-11D3-BF4B-00C04F79EFBC}") = "Tests.UnitTests.Dofocus.ApiClients", "Tests.UnitTests.Dofocus.ApiClients\Tests.UnitTests.Dofocus.ApiClients.csproj", "{B2D2DE39-5D71-42C6-9EAC-34574AB82C96}"
EndProject
Project("{FAE04EC0-301F-11D3-BF4B-00C04F79EFBC}") = "Tests.Live.Dofocus.ApiClients", "Tests.Live.Dofocus.ApiClients\Tests.Live.Dofocus.ApiClients.csproj", "{6584E059-6B3D-4743-BA83-18F8E2E400D5}"
EndProject
Project("{2150E333-8FDC-42A3-9474-1A3956D46DE8}") = "BestCrush", "BestCrush", "{4C55A816-EA26-473B-B7E0-7059CA09D651}"
EndProject
Project("{FAE04EC0-301F-11D3-BF4B-00C04F79EFBC}") = "BestCrush", "BestCrush\BestCrush.csproj", "{0B71BD10-E10E-4430-86A6-AD1431F4F893}"
EndProject
Project("{FAE04EC0-301F-11D3-BF4B-00C04F79EFBC}") = "BestCrush.Domain", "BestCrush.Domain\BestCrush.Domain.csproj", "{BFC0EC97-300D-4362-A45E-4B3A83F2CE6D}"
EndProject
Project("{FAE04EC0-301F-11D3-BF4B-00C04F79EFBC}") = "BestCrush.Migrations", "BestCrush.Migrations\BestCrush.Migrations.csproj", "{08D3AC97-3914-490E-8A3A-F62AD7EEB03F}"
EndProject
Project("{FAE04EC0-301F-11D3-BF4B-00C04F79EFBC}") = "Tests.BestCrush", "Tests.BestCrush\Tests.BestCrush.csproj", "{47BB1501-943C-40B5-93F2-ED328DD4D235}"
EndProject
Project("{FAE04EC0-301F-11D3-BF4B-00C04F79EFBC}") = "dofusdb", "dofusdb\dofusdb.csproj", "{ECE4797A-1FDA-4152-B3BB-136DD0CFC0E5}"
EndProject
Project("{FAE04EC0-301F-11D3-BF4B-00C04F79EFBC}") = "BestCrush.Network", "BestCrush.Network\BestCrush.Network.csproj", "{5B72D75A-6397-4B30-9C49-C79E5012E420}"
EndProject
Global
	GlobalSection(SolutionConfigurationPlatforms) = preSolution
		Debug|Any CPU = Debug|Any CPU
		Release|Any CPU = Release|Any CPU
	EndGlobalSection
	GlobalSection(ProjectConfigurationPlatforms) = postSolution
		{5B72D75A-6397-4B30-9C49-C79E5012E420}.Debug|Any CPU.ActiveCfg = Debug|Any CPU
		{5B72D75A-6397-4B30-9C49-C79E5012E420}.Debug|Any CPU.Build.0 = Debug|Any CPU
		{5B72D75A-6397-4B30-9C49-C79E5012E420}.Release|Any CPU.ActiveCfg = Release|Any CPU
		{5B72D75A-6397-4B30-9C49-C79E5012E420}.Release|Any CPU.Build.0 = Release|Any CPU
		{4DB3FF4F-2C86-43D0-9D2C-7791D721C167}.Debug|Any CPU.ActiveCfg = Debug|Any CPU
		{4DB3FF4F-2C86-43D0-9D2C-7791D721C167}.Debug|Any CPU.Build.0 = Debug|Any CPU
		{4DB3FF4F-2C86-43D0-9D2C-7791D721C167}.Release|Any CPU.ActiveCfg = Release|Any CPU
		{4DB3FF4F-2C86-43D0-9D2C-7791D721C167}.Release|Any CPU.Build.0 = Release|Any CPU
		{A3DE0CCE-6B15-413D-AE71-3BB8360C4FC3}.Debug|Any CPU.ActiveCfg = Debug|Any CPU
		{A3DE0CCE-6B15-413D-AE71-3BB8360C4FC3}.Debug|Any CPU.Build.0 = Debug|Any CPU
		{A3DE0CCE-6B15-413D-AE71-3BB8360C4FC3}.Release|Any CPU.ActiveCfg = Release|Any CPU
		{A3DE0CCE-6B15-413D-AE71-3BB8360C4FC3}.Release|Any CPU.Build.0 = Release|Any CPU
		{D6FF4731-AE7C-4EF1-A67B-94C556AE7108}.Debug|Any CPU.ActiveCfg = Debug|Any CPU
		{D6FF4731-AE7C-4EF1-A67B-94C556AE7108}.Debug|Any CPU.Build.0 = Debug|Any CPU
		{D6FF4731-AE7C-4EF1-A67B-94C556AE7108}.Release|Any CPU.ActiveCfg = Release|Any CPU
		{D6FF4731-AE7C-4EF1-A67B-94C556AE7108}.Release|Any CPU.Build.0 = Release|Any CPU
		{6FA19E5E-584D-41DA-A9B2-39FA017EB15A}.Debug|Any CPU.ActiveCfg = Debug|Any CPU
		{6FA19E5E-584D-41DA-A9B2-39FA017EB15A}.Debug|Any CPU.Build.0 = Debug|Any CPU
		{6FA19E5E-584D-41DA-A9B2-39FA017EB15A}.Release|Any CPU.ActiveCfg = Release|Any CPU
		{6FA19E5E-584D-41DA-A9B2-39FA017EB15A}.Release|Any CPU.Build.0 = Release|Any CPU
		{0A5DB00C-9A98-4449-B6B4-1D5B9EC1EA84}.Debug|Any CPU.ActiveCfg = Debug|Any CPU
		{0A5DB00C-9A98-4449-B6B4-1D5B9EC1EA84}.Debug|Any CPU.Build.0 = Debug|Any CPU
		{0A5DB00C-9A98-4449-B6B4-1D5B9EC1EA84}.Release|Any CPU.ActiveCfg = Release|Any CPU
		{0A5DB00C-9A98-4449-B6B4-1D5B9EC1EA84}.Release|Any CPU.Build.0 = Release|Any CPU
		{B2D2DE39-5D71-42C6-9EAC-34574AB82C96}.Debug|Any CPU.ActiveCfg = Debug|Any CPU
		{B2D2DE39-5D71-42C6-9EAC-34574AB82C96}.Debug|Any CPU.Build.0 = Debug|Any CPU
		{B2D2DE39-5D71-42C6-9EAC-34574AB82C96}.Release|Any CPU.ActiveCfg = Release|Any CPU
		{B2D2DE39-5D71-42C6-9EAC-34574AB82C96}.Release|Any CPU.Build.0 = Release|Any CPU
		{6584E059-6B3D-4743-BA83-18F8E2E400D5}.Debug|Any CPU.ActiveCfg = Debug|Any CPU
		{6584E059-6B3D-4743-BA83-18F8E2E400D5}.Debug|Any CPU.Build.0 = Debug|Any CPU
		{6584E059-6B3D-4743-BA83-18F8E2E400D5}.Release|Any CPU.ActiveCfg = Release|Any CPU
		{6584E059-6B3D-4743-BA83-18F8E2E400D5}.Release|Any CPU.Build.0 = Release|Any CPU
		{0B71BD10-E10E-4430-86A6-AD1431F4F893}.Debug|Any CPU.ActiveCfg = Debug|Any CPU
		{0B71BD10-E10E-4430-86A6-AD1431F4F893}.Debug|Any CPU.Build.0 = Debug|Any CPU
		{0B71BD10-E10E-4430-86A6-AD1431F4F893}.Release|Any CPU.ActiveCfg = Release|Any CPU
		{0B71BD10-E10E-4430-86A6-AD1431F4F893}.Release|Any CPU.Build.0 = Release|Any CPU
		{BFC0EC97-300D-4362-A45E-4B3A83F2CE6D}.Debug|Any CPU.ActiveCfg = Debug|Any CPU
		{BFC0EC97-300D-4362-A45E-4B3A83F2CE6D}.Debug|Any CPU.Build.0 = Debug|Any CPU
		{BFC0EC97-300D-4362-A45E-4B3A83F2CE6D}.Release|Any CPU.ActiveCfg = Release|Any CPU
		{BFC0EC97-300D-4362-A45E-4B3A83F2CE6D}.Release|Any CPU.Build.0 = Release|Any CPU
		{08D3AC97-3914-490E-8A3A-F62AD7EEB03F}.Debug|Any CPU.ActiveCfg = Debug|Any CPU
		{08D3AC97-3914-490E-8A3A-F62AD7EEB03F}.Debug|Any CPU.Build.0 = Debug|Any CPU
		{08D3AC97-3914-490E-8A3A-F62AD7EEB03F}.Release|Any CPU.ActiveCfg = Release|Any CPU
		{08D3AC97-3914-490E-8A3A-F62AD7EEB03F}.Release|Any CPU.Build.0 = Release|Any CPU
		{47BB1501-943C-40B5-93F2-ED328DD4D235}.Debug|Any CPU.ActiveCfg = Debug|Any CPU
		{47BB1501-943C-40B5-93F2-ED328DD4D235}.Debug|Any CPU.Build.0 = Debug|Any CPU
		{47BB1501-943C-40B5-93F2-ED328DD4D235}.Release|Any CPU.ActiveCfg = Release|Any CPU
		{47BB1501-943C-40B5-93F2-ED328DD4D235}.Release|Any CPU.Build.0 = Release|Any CPU
		{ECE4797A-1FDA-4152-B3BB-136DD0CFC0E5}.Debug|Any CPU.ActiveCfg = Debug|Any CPU
		{ECE4797A-1FDA-4152-B3BB-136DD0CFC0E5}.Debug|Any CPU.Build.0 = Debug|Any CPU
		{ECE4797A-1FDA-4152-B3BB-136DD0CFC0E5}.Release|Any CPU.ActiveCfg = Release|Any CPU
		{ECE4797A-1FDA-4152-B3BB-136DD0CFC0E5}.Release|Any CPU.Build.0 = Release|Any CPU
	EndGlobalSection
	GlobalSection(NestedProjects) = preSolution
		{5B72D75A-6397-4B30-9C49-C79E5012E420} = {4C55A816-EA26-473B-B7E0-7059CA09D651}
		{4DB3FF4F-2C86-43D0-9D2C-7791D721C167} = {40F57244-FDA7-47BE-B5FB-DA00C7339485}
		{A3DE0CCE-6B15-413D-AE71-3BB8360C4FC3} = {40F57244-FDA7-47BE-B5FB-DA00C7339485}
		{D6FF4731-AE7C-4EF1-A67B-94C556AE7108} = {40F57244-FDA7-47BE-B5FB-DA00C7339485}
		{6FA19E5E-584D-41DA-A9B2-39FA017EB15A} = {4F713B72-405A-4967-B014-B03D9AD54EF4}
		{0A5DB00C-9A98-4449-B6B4-1D5B9EC1EA84} = {EA03ADDE-7F2C-446F-9063-EEEF4206BE9E}
		{B2D2DE39-5D71-42C6-9EAC-34574AB82C96} = {4F713B72-405A-4967-B014-B03D9AD54EF4}
		{6584E059-6B3D-4743-BA83-18F8E2E400D5} = {4F713B72-405A-4967-B014-B03D9AD54EF4}
		{0B71BD10-E10E-4430-86A6-AD1431F4F893} = {4C55A816-EA26-473B-B7E0-7059CA09D651}
		{BFC0EC97-300D-4362-A45E-4B3A83F2CE6D} = {4C55A816-EA26-473B-B7E0-7059CA09D651}
		{08D3AC97-3914-490E-8A3A-F62AD7EEB03F} = {4C55A816-EA26-473B-B7E0-7059CA09D651}
		{47BB1501-943C-40B5-93F2-ED328DD4D235} = {4C55A816-EA26-473B-B7E0-7059CA09D651}
		{ECE4797A-1FDA-4152-B3BB-136DD0CFC0E5} = {40F57244-FDA7-47BE-B5FB-DA00C7339485}
	EndGlobalSection
EndGlobal
